{"1.1.0",
[{<<"eunit_addons">>,{pkg,<<"eunit_addons">>,<<"1.0.1">>},0},
 {<<"parse_trans">>,
  {git,"https://github.com/uwiger/parse_trans.git",
       {ref,"64b9b77ac57710c2da77a7b3b17664b11474e429"}},
  0}]}.
[
{pkg_hash,[
 {<<"eunit_addons">>, <<"8307927DF98CDEC317847336CC05E8EBE29604870AF0EF11B902921CC4D783E6">>}]}
].
